version = 1

[[bindings]]
doc = "docs/agents.md"
target = "docs/contract/agent-contract.json"
sig = "98ed7611c064e28e"

[[bindings]]
doc = "docs/agents.md"
target = "scripts/render-contract.sh"
sig = "bb00aa18e9045036"

[[bindings]]
doc = "docs/command-reference.md"
target = "install.sh"
sig = "fc4f25508fd0a22e"

[[bindings]]
doc = "docs/command-reference.md"
target = "lib/completions/_safe"
sig = "3dcab58ec1e5e20a"

[[bindings]]
doc = "docs/configuration.md"
target = "bin/safe-audit"
sig = "2e907a7d8dbade22"

[[bindings]]
doc = "docs/configuration.md"
target = "bin/safe-run"
sig = "31941b63bb8b5043"

[[bindings]]
doc = "docs/dependencies.md"
target = "bin/safe-audit"
sig = "2e907a7d8dbade22"

[[bindings]]
doc = "docs/index.md"
target = "install.sh"
sig = "fc4f25508fd0a22e"

[[bindings]]
doc = "docs/install-wrappers.md"
target = "install.sh"
sig = "fc4f25508fd0a22e"

[[bindings]]
doc = "docs/install-wrappers.md"
target = "lib/gate-lib.sh"
sig = "be52ed2829d6012b"

[[bindings]]
doc = "docs/installation.md"
target = "install.sh"
sig = "fc4f25508fd0a22e"

[[bindings]]
doc = "docs/installation.md"
target = "uninstall.sh"
sig = "5671727a27b08249"

[[bindings]]
doc = "docs/integration-flows.md"
target = "install.sh"
sig = "fc4f25508fd0a22e"

[[bindings]]
doc = "docs/integration-flows.md"
target = "lib/gate-lib.sh"
sig = "be52ed2829d6012b"

[[bindings]]
doc = "docs/operations.md"
target = "bin/safe-run"
sig = "31941b63bb8b5043"

[[bindings]]
doc = "docs/safe-audit.md"
target = "bin/safe-audit"
sig = "2e907a7d8dbade22"

[[bindings]]
doc = "docs/safe-audit.md"
target = "internal/verdict/verdict.go#Decide"
sig = "06592133c2df48cf"

[[bindings]]
doc = "docs/safe-run.md"
target = "bin/safe-run"
sig = "31941b63bb8b5043"
